
Microsoft Visual Studio Solution File, Format Version 12.00
# Visual Studio Version 16
VisualStudioVersion = 16.0.30320.27
MinimumVisualStudioVersion = 10.0.40219.1
Project("{FAE04EC0-301F-11D3-BF4B-00C04F79EFBC}") = "GitProjectVS", "GitProjectVS.csproj", "{FC17E5CC-7324-41F4-BED2-E1DFF9800EF2}"
EndProject
Global
	GlobalSection(SolutionConfigurationPlatforms) = preSolution
		Debug|Any CPU = Debug|Any CPU
		Release|Any CPU = Release|Any CPU
	EndGlobalSection
	GlobalSection(ProjectConfigurationPlatforms) = postSolution
		{FC17E5CC-7324-41F4-BED2-E1DFF9800EF2}.Debug|Any CPU.ActiveCfg = Debug|Any CPU
		{FC17E5CC-7324-41F4-BED2-E1DFF9800EF2}.Debug|Any CPU.Build.0 = Debug|Any CPU
		{FC17E5CC-7324-41F4-BED2-E1DFF9800EF2}.Release|Any CPU.ActiveCfg = Release|Any CPU
		{FC17E5CC-7324-41F4-BED2-E1DFF9800EF2}.Release|Any CPU.Build.0 = Release|Any CPU
	EndGlobalSection
	GlobalSection(SolutionProperties) = preSolution
		HideSolutionNode = FALSE
	EndGlobalSection
	GlobalSection(ExtensibilityGlobals) = postSolution
		SolutionGuid = {3771E50E-F523-4CC5-8191-86EE4107E532}
	EndGlobalSection
EndGlobal
